// !$*UTF8*$!
{
	archiveVersion = 1;
	classes = {
	};
	objectVersion = 46;
	objects = {

/* Begin PBXBuildFile section */
		540BC2DF1D106C4E00046994 /* AppDelegate.swift in Sources */ = {isa = PBXBuildFile; fileRef = 540BC2DE1D106C4E00046994 /* AppDelegate.swift */; };
		540BC2E11D106C4E00046994 /* ViewController.swift in Sources */ = {isa = PBXBuildFile; fileRef = 540BC2E01D106C4E00046994 /* ViewController.swift */; };
		540BC2E41D106C4E00046994 /* Main.storyboard in Resources */ = {isa = PBXBuildFile; fileRef = 540BC2E21D106C4E00046994 /* Main.storyboard */; };
		540BC2E61D106C4E00046994 /* Assets.xcassets in Resources */ = {isa = PBXBuildFile; fileRef = 540BC2E51D106C4E00046994 /* Assets.xcassets */; };
		540BC2E91D106C4E00046994 /* LaunchScreen.storyboard in Resources */ = {isa = PBXBuildFile; fileRef = 540BC2E71D106C4E00046994 /* LaunchScreen.storyboard */; };
		540BC2F31D106D6B00046994 /* ASAKVCModel.swift in Sources */ = {isa = PBXBuildFile; fileRef = 540BC2F21D106D6B00046994 /* ASAKVCModel.swift */; };
		540BC2F51D106DAA00046994 /* Object.swift in Sources */ = {isa = PBXBuildFile; fileRef = 540BC2F41D106DAA00046994 /* Object.swift */; };
/* End PBXBuildFile section */

/* Begin PBXFileReference section */
		540BC2DB1D106C4E00046994 /* ASAKvcModel.app */ = {isa = PBXFileReference; explicitFileType = wrapper.application; includeInIndex = 0; path = ASAKvcModel.app; sourceTree = BUILT_PRODUCTS_DIR; };
		540BC2DE1D106C4E00046994 /* AppDelegate.swift */ = {isa = PBXFileReference; lastKnownFileType = sourcecode.swift; path = AppDelegate.swift; sourceTree = "<group>"; };
		540BC2E01D106C4E00046994 /* ViewController.swift */ = {isa = PBXFileReference; lastKnownFileType = sourcecode.swift; path = ViewController.swift; sourceTree = "<group>"; };
		540BC2E31D106C4E00046994 /* Base */ = {isa = PBXFileReference; lastKnownFileType = file.storyboard; name = Base; path = Base.lproj/Main.storyboard; sourceTree = "<group>"; };
		540BC2E51D106C4E00046994 /* Assets.xcassets */ = {isa = PBXFileReference; lastKnownFileType = folder.assetcatalog; path = Assets.xcassets; sourceTree = "<group>"; };
		540BC2E81D106C4E00046994 /* Base */ = {isa = PBXFileReference; lastKnownFileType = file.storyboard; name = Base; path = Base.lproj/LaunchScreen.storyboard; sourceTree = "<group>"; };
		540BC2EA1D106C4E00046994 /* Info.plist */ = {isa = PBXFileReference; lastKnownFileType = text.plist.xml; path = Info.plist; sourceTree = "<group>"; };
		540BC2F21D106D6B00046994 /* ASAKVCModel.swift */ = {isa = PBXFileReference; fileEncoding = 4; lastKnownFileType = sourcecode.swift; name = ASAKVCModel.swift; path = Source/ASAKVCModel.swift; sourceTree = "<group>"; };
		540BC2F41D106DAA00046994 /* Object.swift */ = {isa = PBXFileReference; fileEncoding = 4; lastKnownFileType = sourcecode.swift; path = Object.swift; sourceTree = "<group>"; };
/* End PBXFileReference section */

/* Begin PBXFrameworksBuildPhase section */
		540BC2D81D106C4E00046994 /* Frameworks */ = {
			isa = PBXFrameworksBuildPhase;
			buildActionMask = 2147483647;
			files = (
			);
			runOnlyForDeploymentPostprocessing = 0;
		};
/* End PBXFrameworksBuildPhase section */

/* Begin PBXGroup section */
		540BC2D21D106C4E00046994 = {
			isa = PBXGroup;
			children = (
				540BC2DD1D106C4E00046994 /* ASAKvcModel */,
				540BC2DC1D106C4E00046994 /* Products */,
			);
			sourceTree = "<group>";
		};
		540BC2DC1D106C4E00046994 /* Products */ = {
			isa = PBXGroup;
			children = (
				540BC2DB1D106C4E00046994 /* ASAKvcModel.app */,
			);
			name = Products;
			sourceTree = "<group>";
		};
		540BC2DD1D106C4E00046994 /* ASAKvcModel */ = {
			isa = PBXGroup;
			children = (
				540BC2F11D106D3600046994 /* Source */,
				540BC2DE1D106C4E00046994 /* AppDelegate.swift */,
				540BC2E01D106C4E00046994 /* ViewController.swift */,
				540BC2E21D106C4E00046994 /* Main.storyboard */,
				540BC2E51D106C4E00046994 /* Assets.xcassets */,
				540BC2E71D106C4E00046994 /* LaunchScreen.storyboard */,
				540BC2EA1D106C4E00046994 /* Info.plist */,
				540BC2F41D106DAA00046994 /* Object.swift */,
			);
			path = ASAKvcModel;
			sourceTree = "<group>";
		};
		540BC2F11D106D3600046994 /* Source */ = {
			isa = PBXGroup;
			children = (
				540BC2F21D106D6B00046994 /* ASAKVCModel.swift */,
			);
			name = Source;
			sourceTree = "<group>";
		};
/* End PBXGroup section */

/* Begin PBXNativeTarget section */
		540BC2DA1D106C4E00046994 /* ASAKvcModel */ = {
			isa = PBXNativeTarget;
			buildConfigurationList = 540BC2ED1D106C4E00046994 /* Build configuration list for PBXNativeTarget "ASAKvcModel" */;
			buildPhases = (
				540BC2D71D106C4E00046994 /* Sources */,
				540BC2D81D106C4E00046994 /* Frameworks */,
				540BC2D91D106C4E00046994 /* Resources */,
			);
			buildRules = (
			);
			dependencies = (
			);
			name = ASAKvcModel;
			productName = ASAKvcModel;
			productReference = 540BC2DB1D106C4E00046994 /* ASAKvcModel.app */;
			productType = "com.apple.product-type.application";
		};
/* End PBXNativeTarget section */

/* Begin PBXProject section */
		540BC2D31D106C4E00046994 /* Project object */ = {
			isa = PBXProject;
			attributes = {
				LastSwiftUpdateCheck = 0730;
				LastUpgradeCheck = 0730;
				ORGANIZATIONNAME = ShinsukeAsakura;
				TargetAttributes = {
					540BC2DA1D106C4E00046994 = {
						CreatedOnToolsVersion = 7.3.1;
					};
				};
			};
			buildConfigurationList = 540BC2D61D106C4E00046994 /* Build configuration list for PBXProject "ASAKvcModel" */;
			compatibilityVersion = "Xcode 3.2";
			developmentRegion = English;
			hasScannedForEncodings = 0;
			knownRegions = (
				en,
				Base,
			);
			mainGroup = 540BC2D21D106C4E00046994;
			productRefGroup = 540BC2DC1D106C4E00046994 /* Products */;
			projectDirPath = "";
			projectRoot = "";
			targets = (
				540BC2DA1D106C4E00046994 /* ASAKvcModel */,
			);
		};
/* End PBXProject section */

/* Begin PBXResourcesBuildPhase section */
		540BC2D91D106C4E00046994 /* Resources */ = {
			isa = PBXResourcesBuildPhase;
			buildActionMask = 2147483647;
			files = (
				540BC2E91D106C4E00046994 /* LaunchScreen.storyboard in Resources */,
				540BC2E61D106C4E00046994 /* Assets.xcassets in Resources */,
				540BC2E41D106C4E00046994 /* Main.storyboard in Resources */,
			);
			runOnlyForDeploymentPostprocessing = 0;
		};
/* End PBXResourcesBuildPhase section */

/* Begin PBXSourcesBuildPhase section */
		540BC2D71D106C4E00046994 /* Sources */ = {
			isa = PBXSourcesBuildPhase;
			buildActionMask = 2147483647;
			files = (
				540BC2E11D106C4E00046994 /* ViewController.swift in Sources */,
				540BC2F31D106D6B00046994 /* ASAKVCModel.swift in Sources */,
				540BC2F51D106DAA00046994 /* Object.swift in Sources */,
				540BC2DF1D106C4E00046994 /* AppDelegate.swift in Sources */,
			);
			runOnlyForDeploymentPostprocessing = 0;
		};
/* End PBXSourcesBuildPhase section */

/* Begin PBXVariantGroup section */
		540BC2E21D106C4E00046994 /* Main.storyboard */ = {
			isa = PBXVariantGroup;
			children = (
				540BC2E31D106C4E00046994 /* Base */,
			);
			name = Main.storyboard;
			sourceTree = "<group>";
		};
		540BC2E71D106C4E00046994 /* LaunchScreen.storyboard */ = {
			isa = PBXVariantGroup;
			children = (
				540BC2E81D106C4E00046994 /* Base */,
			);
			name = LaunchScreen.storyboard;
			sourceTree = "<group>";
		};
/* End PBXVariantGroup section */

/* Begin XCBuildConfiguration section */
		540BC2EB1D106C4E00046994 /* Debug */ = {
			isa = XCBuildConfiguration;
			buildSettings = {
				ALWAYS_SEARCH_USER_PATHS = NO;
				CLANG_ANALYZER_NONNULL = YES;
				CLANG_CXX_LANGUAGE_STANDARD = "gnu++0x";
				CLANG_CXX_LIBRARY = "libc++";
				CLANG_ENABLE_MODULES = YES;
				CLANG_ENABLE_OBJC_ARC = YES;
				CLANG_WARN_BOOL_CONVERSION = YES;
				CLANG_WARN_CONSTANT_CONVERSION = YES;
				CLANG_WARN_DIRECT_OBJC_ISA_USAGE = YES_ERROR;
				CLANG_WARN_EMPTY_BODY = YES;
				CLANG_WARN_ENUM_CONVERSION = YES;
				CLANG_WARN_INT_CONVERSION = YES;
				CLANG_WARN_OBJC_ROOT_CLASS = YES_ERROR;
				CLANG_WARN_UNREACHABLE_CODE = YES;
				CLANG_WARN__DUPLICATE_METHOD_MATCH = YES;
				"CODE_SIGN_IDENTITY[sdk=iphoneos*]" = "iPhone Developer";
				COPY_PHASE_STRIP = NO;
				DEBUG_INFORMATION_FORMAT = dwarf;
				ENABLE_STRICT_OBJC_MSGSEND = YES;
				ENABLE_TESTABILITY = YES;
				GCC_C_LANGUAGE_STANDARD = gnu99;
				GCC_DYNAMIC_NO_PIC = NO;
				GCC_NO_COMMON_BLOCKS = YES;
				GCC_OPTIMIZATION_LEVEL = 0;
				GCC_PREPROCESSOR_DEFINITIONS = (
					"DEBUG=1",
					"$(inherited)",
				);
				GCC_WARN_64_TO_32_BIT_CONVERSION = YES;
				GCC_WARN_ABOUT_RETURN_TYPE = YES_ERROR;
				GCC_WARN_UNDECLARED_SELECTOR = YES;
				GCC_WARN_UNINITIALIZED_AUTOS = YES_AGGRESSIVE;
				GCC_WARN_UNUSED_FUNCTION = YES;
				GCC_WARN_UNUSED_VARIABLE = YES;
				IPHONEOS_DEPLOYMENT_TARGET = 9.3;
				MTL_ENABLE_DEBUG_INFO = YES;
				ONLY_ACTIVE_ARCH = YES;
				SDKROOT = iphoneos;
				SWIFT_OPTIMIZATION_LEVEL = "-Onone";
			};
			name = Debug;
		};
		540BC2EC1D106C4E00046994 /* Release */ = {
			isa = XCBuildConfiguration;
			buildSettings = {
				ALWAYS_SEARCH_USER_PATHS = NO;
				CLANG_ANALYZER_NONNULL = YES;
				CLANG_CXX_LANGUAGE_STANDARD = "gnu++0x";
				CLANG_CXX_LIBRARY = "libc++";
				CLANG_ENABLE_MODULES = YES;
				CLANG_ENABLE_OBJC_ARC = YES;
				CLANG_WARN_BOOL_CONVERSION = YES;
				CLANG_WARN_CONSTANT_CONVERSION = YES;
				CLANG_WARN_DIRECT_OBJC_ISA_USAGE = YES_ERROR;
				CLANG_WARN_EMPTY_BODY = YES;
				CLANG_WARN_ENUM_CONVERSION = YES;
				CLANG_WARN_INT_CONVERSION = YES;
				CLANG_WARN_OBJC_ROOT_CLASS = YES_ERROR;
				CLANG_WARN_UNREACHABLE_CODE = YES;
				CLANG_WARN__DUPLICATE_METHOD_MATCH = YES;
				"CODE_SIGN_IDENTITY[sdk=iphoneos*]" = "iPhone Developer";
				COPY_PHASE_STRIP = NO;
				DEBUG_INFORMATION_FORMAT = "dwarf-with-dsym";
				ENABLE_NS_ASSERTIONS = NO;
				ENABLE_STRICT_OBJC_MSGSEND = YES;
				GCC_C_LANGUAGE_STANDARD = gnu99;
				GCC_NO_COMMON_BLOCKS = YES;
				GCC_WARN_64_TO_32_BIT_CONVERSION = YES;
				GCC_WARN_ABOUT_RETURN_TYPE = YES_ERROR;
				GCC_WARN_UNDECLARED_SELECTOR = YES;
				GCC_WARN_UNINITIALIZED_AUTOS = YES_AGGRESSIVE;
				GCC_WARN_UNUSED_FUNCTION = YES;
				GCC_WARN_UNUSED_VARIABLE = YES;
				IPHONEOS_DEPLOYMENT_TARGET = 9.3;
				MTL_ENABLE_DEBUG_INFO = NO;
				SDKROOT = iphoneos;
				VALIDATE_PRODUCT = YES;
			};
			name = Release;
		};
		540BC2EE1D106C4E00046994 /* Debug */ = {
			isa = XCBuildConfiguration;
			buildSettings = {
				ASSETCATALOG_COMPILER_APPICON_NAME = AppIcon;
				INFOPLIST_FILE = ASAKvcModel/Info.plist;
				LD_RUNPATH_SEARCH_PATHS = "$(inherited) @executable_path/Frameworks";
				PRODUCT_BUNDLE_IDENTIFIER = co.jp.asashin227.ASAKvcModel;
				PRODUCT_NAME = "$(TARGET_NAME)";
			};
			name = Debug;
		};
		540BC2EF1D106C4E00046994 /* Release */ = {
			isa = XCBuildConfiguration;
			buildSettings = {
				ASSETCATALOG_COMPILER_APPICON_NAME = AppIcon;
				INFOPLIST_FILE = ASAKvcModel/Info.plist;
				LD_RUNPATH_SEARCH_PATHS = "$(inherited) @executable_path/Frameworks";
				PRODUCT_BUNDLE_IDENTIFIER = co.jp.asashin227.ASAKvcModel;
				PRODUCT_NAME = "$(TARGET_NAME)";
			};
			name = Release;
		};
/* End XCBuildConfiguration section */

/* Begin XCConfigurationList section */
		540BC2D61D106C4E00046994 /* Build configuration list for PBXProject "ASAKvcModel" */ = {
			isa = XCConfigurationList;
			buildConfigurations = (
				540BC2EB1D106C4E00046994 /* Debug */,
				540BC2EC1D106C4E00046994 /* Release */,
			);
			defaultConfigurationIsVisible = 0;
			defaultConfigurationName = Release;
		};
		540BC2ED1D106C4E00046994 /* Build configuration list for PBXNativeTarget "ASAKvcModel" */ = {
			isa = XCConfigurationList;
			buildConfigurations = (
				540BC2EE1D106C4E00046994 /* Debug */,
				540BC2EF1D106C4E00046994 /* Release */,
			);
			defaultConfigurationIsVisible = 0;
		};
/* End XCConfigurationList section */
	};
	rootObject = 540BC2D31D106C4E00046994 /* Project object */;
}
